
Microsoft Visual Studio Solution File, Format Version 12.00
# Visual Studio Express 2013 for Web
VisualStudioVersion = 12.0.30501.0
MinimumVisualStudioVersion = 10.0.40219.1
Project("{FAE04EC0-301F-11D3-BF4B-00C04F79EFBC}") = "FamilyDirectory.web", "FamilyDirectory.web\FamilyDirectory.web.csproj", "{D97BFC0C-14A6-46A1-9BD8-5885DD9B5F79}"
EndProject
Project("{FAE04EC0-301F-11D3-BF4B-00C04F79EFBC}") = "data", "data\data.csproj", "{A74896F0-338B-4DAD-BB8C-6B28F37B80A1}"
EndProject
Project("{FAE04EC0-301F-11D3-BF4B-00C04F79EFBC}") = "data.models", "data.models\data.models.csproj", "{A3A5E1C0-A07D-4A96-B9E7-3B3363178611}"
EndProject
Global
	GlobalSection(SolutionConfigurationPlatforms) = preSolution
		Debug|Any CPU = Debug|Any CPU
		Release|Any CPU = Release|Any CPU
	EndGlobalSection
	GlobalSection(ProjectConfigurationPlatforms) = postSolution
		{D97BFC0C-14A6-46A1-9BD8-5885DD9B5F79}.Debug|Any CPU.ActiveCfg = Debug|Any CPU
		{D97BFC0C-14A6-46A1-9BD8-5885DD9B5F79}.Debug|Any CPU.Build.0 = Debug|Any CPU
		{D97BFC0C-14A6-46A1-9BD8-5885DD9B5F79}.Release|Any CPU.ActiveCfg = Release|Any CPU
		{D97BFC0C-14A6-46A1-9BD8-5885DD9B5F79}.Release|Any CPU.Build.0 = Release|Any CPU
		{A74896F0-338B-4DAD-BB8C-6B28F37B80A1}.Debug|Any CPU.ActiveCfg = Debug|Any CPU
		{A74896F0-338B-4DAD-BB8C-6B28F37B80A1}.Debug|Any CPU.Build.0 = Debug|Any CPU
		{A74896F0-338B-4DAD-BB8C-6B28F37B80A1}.Release|Any CPU.ActiveCfg = Release|Any CPU
		{A74896F0-338B-4DAD-BB8C-6B28F37B80A1}.Release|Any CPU.Build.0 = Release|Any CPU
		{A3A5E1C0-A07D-4A96-B9E7-3B3363178611}.Debug|Any CPU.ActiveCfg = Debug|Any CPU
		{A3A5E1C0-A07D-4A96-B9E7-3B3363178611}.Debug|Any CPU.Build.0 = Debug|Any CPU
		{A3A5E1C0-A07D-4A96-B9E7-3B3363178611}.Release|Any CPU.ActiveCfg = Release|Any CPU
		{A3A5E1C0-A07D-4A96-B9E7-3B3363178611}.Release|Any CPU.Build.0 = Release|Any CPU
	EndGlobalSection
	GlobalSection(SolutionProperties) = preSolution
		HideSolutionNode = FALSE
	EndGlobalSection
EndGlobal
